
Microsoft Visual Studio Solution File, Format Version 12.00
# Visual Studio Version 17
VisualStudioVersion = 17.4.33213.308
MinimumVisualStudioVersion = 10.0.40219.1
Project("{FAE04EC0-301F-11D3-BF4B-00C04F79EFBC}") = "API_Rest", "API_Rest\API_Rest.csproj", "{F5A54F01-3BE9-437D-B3E0-D649E26BE9A6}"
EndProject
Global
	GlobalSection(SolutionConfigurationPlatforms) = preSolution
		Debug|Any CPU = Debug|Any CPU
		Release|Any CPU = Release|Any CPU
	EndGlobalSection
	GlobalSection(ProjectConfigurationPlatforms) = postSolution
		{F5A54F01-3BE9-437D-B3E0-D649E26BE9A6}.Debug|Any CPU.ActiveCfg = Debug|Any CPU
		{F5A54F01-3BE9-437D-B3E0-D649E26BE9A6}.Debug|Any CPU.Build.0 = Debug|Any CPU
		{F5A54F01-3BE9-437D-B3E0-D649E26BE9A6}.Release|Any CPU.ActiveCfg = Release|Any CPU
		{F5A54F01-3BE9-437D-B3E0-D649E26BE9A6}.Release|Any CPU.Build.0 = Release|Any CPU
	EndGlobalSection
	GlobalSection(SolutionProperties) = preSolution
		HideSolutionNode = FALSE
	EndGlobalSection
	GlobalSection(ExtensibilityGlobals) = postSolution
		SolutionGuid = {49E8498A-B034-40AB-B10A-FF34218C985E}
	EndGlobalSection
EndGlobal
